# This file is machine-generated by `gh actions-lock`.
# Do not edit by hand; run `gh actions-lock` to update.
# Docs: https://gh.io/actions-lockfile
version: 'v0.0.2'
workflows:
    '.github/workflows/cflite_batch.yml':
        - 'google/clusterfuzzlite@v1'
    '.github/workflows/cflite_pr.yml':
        - 'actions/checkout@v7.0.1'
        - 'google/clusterfuzzlite@v1'
    '.github/workflows/codeql.yml':
        - 'actions/checkout@v7.0.1'
        - 'github/codeql-action@v4.37.7'
    '.github/workflows/deno-ci.yml': []
    '.github/workflows/governance.yml': []
    '.github/workflows/hypatia-scan.yml': []
    '.github/workflows/label-triage.yml': []
    '.github/workflows/labels.yml': []
    '.github/workflows/language-policy.yml':
        - 'actions/checkout@v7.0.1'
    '.github/workflows/mirror.yml': []
    '.github/workflows/pages.yml':
        - 'actions/checkout@v7.0.1'
        - 'actions/deploy-pages@v5.0.0'
        - 'actions/upload-pages-artifact@v5.0.0'
    '.github/workflows/proofs.yml':
        - 'actions/checkout@v7.0.1'
    '.github/workflows/publish-container.yml':
        - 'actions/attest-build-provenance@v4.2.2'
        - 'actions/checkout@v7.0.1'
        - 'docker/build-push-action@v7.3.0'
        - 'docker/login-action@v4.6.0'
        - 'docker/metadata-action@v6.2.0'
    '.github/workflows/push-email-notify.yml':
        - 'dawidd6/action-send-mail@v3.12.0'
    '.github/workflows/rust-ci.yml': []
    '.github/workflows/scorecard.yml': []
    '.github/workflows/secret-scanner.yml': []
dependencies:
    'actions/attest-build-provenance@v4.2.2':
        ref: 'v4.2.2'
        commit: 'sha1-4d101475d8b20a2381f78447822ac1eab6504dd8'
        owner_id: 44036562
        repo_id: 760702757
        uses:
            - 'actions/attest@508db95dd578ae2727ebd6217d5ba78e4fbda05d'
    'actions/attest@508db95dd578ae2727ebd6217d5ba78e4fbda05d':
        ref: 'v4.2.1'
        commit: 'sha1-508db95dd578ae2727ebd6217d5ba78e4fbda05d'
        owner_id: 44036562
        repo_id: 760701061
    'actions/checkout@v7.0.1':
        ref: 'v7.0.1'
        commit: 'sha1-3d3c42e5aac5ba805825da76410c181273ba90b1'
        owner_id: 44036562
        repo_id: 197814629
    'actions/deploy-pages@v5.0.0':
        ref: 'v5.0.0'
        commit: 'sha1-cd2ce8fcbc39b97be8ca5fce6e763baed58fa128'
        owner_id: 44036562
        repo_id: 438112499
    'actions/upload-artifact@bbbca2ddaa5d8feaa63e36b76fdaad77386f024f':
        ref: 'v7.0.0'
        commit: 'sha1-bbbca2ddaa5d8feaa63e36b76fdaad77386f024f'
        owner_id: 44036562
        repo_id: 192625955
    'actions/upload-pages-artifact@v5.0.0':
        ref: 'v5.0.0'
        commit: 'sha1-fc324d3547104276b827a68afc52ff2a11cc49c9'
        owner_id: 44036562
        repo_id: 496012378
        uses:
            - 'actions/upload-artifact@bbbca2ddaa5d8feaa63e36b76fdaad77386f024f'
    'dawidd6/action-send-mail@v3.12.0':
        ref: 'v3.12.0'
        commit: 'sha1-94de994a9f6fffee200243214e17002e2920bb59'
        owner_id: 9713907
        repo_id: 222439721
    'docker/build-push-action@v7.3.0':
        ref: 'v7.3.0'
        commit: 'sha1-53b7df96c91f9c12dcc8a07bcb9ccacbed38856a'
        owner_id: 5429470
        repo_id: 241092383
    'docker/login-action@v4.6.0':
        ref: 'v4.6.0'
        commit: 'sha1-dbcb813823bdd20940b903addbd779551569679f'
        owner_id: 5429470
        repo_id: 287743349
    'docker/metadata-action@v6.2.0':
        ref: 'v6.2.0'
        commit: 'sha1-dc802804100637a589fabce1cb79ff13a1411302'
        owner_id: 5429470
        repo_id: 306769011
    'github/codeql-action@v4.37.7':
        ref: 'v4.37.7'
        commit: 'sha1-ff2f1c621b7f889edc0d3c761ac2e6a3f8cdb0dd'
        owner_id: 9919
        repo_id: 259445878
    'google/clusterfuzzlite@v1':
        ref: 'v1'
        commit: 'sha1-884713a6c30a92e5e8544c39945cd7cb630abcd1'
        owner_id: 1342004
        repo_id: 400046858
